hash: b4b7c6407fecb116663c02e70d9c06eb84734493d85a45512c9cd29f5283c092
updated: 2017-10-26T21:28:03.134236175+11:00
imports:
- name: github.com/govau/cf-common
  version: 56dcf109b791aa5d1e7db94a3ef9b7bdafab08bf
  subpackages:
  - credhub
- name: golang.org/x/crypto
  version: 2509b142fb2b797aa7587dad548f113b2c0f20ce
  subpackages:
  - acme
- name: gopkg.in/yaml.v2
  version: a5b47d31c556af34a302ce5d659e6fea44d90de0
testImports: []
